// !$*UTF8*$!
{
	archiveVersion = 1;
	classes = {
	};
	objectVersion = 77;
	objects = {

/* Begin PBXBuildFile section */
		6D0E1CC02C9B933100D3A324 /* ContentView.swift in Sources */ = {isa = PBXBuildFile; fileRef = 6D0E1CBD2C9B933100D3A324 /* ContentView.swift */; };
		6D0E1CC12C9B933100D3A324 /* WeatherProjectApp.swift in Sources */ = {isa = PBXBuildFile; fileRef = 6D0E1CBE2C9B933100D3A324 /* WeatherProjectApp.swift */; };
		6D0E1CC22C9B933100D3A324 /* Preview Assets.xcassets in Resources */ = {isa = PBXBuildFile; fileRef = 6D0E1CBA2C9B933100D3A324 /* Preview Assets.xcassets */; };
		6D0E1CC32C9B933100D3A324 /* Assets.xcassets in Resources */ = {isa = PBXBuildFile; fileRef = 6D0E1CBC2C9B933100D3A324 /* Assets.xcassets */; };
		6D0E1CC62C9B934000D3A324 /* WeatherProjectTests.swift in Sources */ = {isa = PBXBuildFile; fileRef = 6D0E1CC42C9B934000D3A324 /* WeatherProjectTests.swift */; };
		6D0E1CCA2C9B934300D3A324 /* WeatherProjectUITests.swift in Sources */ = {isa = PBXBuildFile; fileRef = 6D0E1CC72C9B934300D3A324 /* WeatherProjectUITests.swift */; };
		6D0E1CCB2C9B934300D3A324 /* WeatherProjectUITestsLaunchTests.swift in Sources */ = {isa = PBXBuildFile; fileRef = 6D0E1CC82C9B934300D3A324 /* WeatherProjectUITestsLaunchTests.swift */; };
		6D0E1CD22C9B93BD00D3A324 /* Weather.swift in Sources */ = {isa = PBXBuildFile; fileRef = 6D0E1CD12C9B93BD00D3A324 /* Weather.swift */; };
		6D0E1CD42C9B93F600D3A324 /* APIServiceProtocol.swift in Sources */ = {isa = PBXBuildFile; fileRef = 6D0E1CD32C9B93F600D3A324 /* APIServiceProtocol.swift */; };
		6D0E1CD62C9B956400D3A324 /* WeatherService.swift in Sources */ = {isa = PBXBuildFile; fileRef = 6D0E1CD52C9B956400D3A324 /* WeatherService.swift */; };
		6D0E1CDA2C9B9A0C00D3A324 /* WeatherViewModel.swift in Sources */ = {isa = PBXBuildFile; fileRef = 6D0E1CD92C9B9A0C00D3A324 /* WeatherViewModel.swift */; };
		6D0E1CDE2C9B9E0800D3A324 /* NetworkErrors.swift in Sources */ = {isa = PBXBuildFile; fileRef = 6D0E1CDD2C9B9E0800D3A324 /* NetworkErrors.swift */; };
		6D0E1CE22C9BB58C00D3A324 /* WeatherView.swift in Sources */ = {isa = PBXBuildFile; fileRef = 6D0E1CE12C9BB58C00D3A324 /* WeatherView.swift */; };
		6D0E1CE52C9BBAB000D3A324 /* Constants.swift in Sources */ = {isa = PBXBuildFile; fileRef = 6D0E1CE42C9BBAB000D3A324 /* Constants.swift */; };
		6D0E1CE72C9BBDCD00D3A324 /* WeatherViewModelTest.swift in Sources */ = {isa = PBXBuildFile; fileRef = 6D0E1CE62C9BBDCD00D3A324 /* WeatherViewModelTest.swift */; };
		6D0E1CE92C9BBE1700D3A324 /* MockWeatherService.swift in Sources */ = {isa = PBXBuildFile; fileRef = 6D0E1CE82C9BBE1700D3A324 /* MockWeatherService.swift */; };
/* End PBXBuildFile section */

/* Begin PBXContainerItemProxy section */
		6D0E1C9C2C9B92C600D3A324 /* PBXContainerItemProxy */ = {
			isa = PBXContainerItemProxy;
			containerPortal = 6D0E1C832C9B92C500D3A324 /* Project object */;
			proxyType = 1;
			remoteGlobalIDString = 6D0E1C8A2C9B92C500D3A324;
			remoteInfo = WeatherProject;
		};
		6D0E1CA62C9B92C600D3A324 /* PBXContainerItemProxy */ = {
			isa = PBXContainerItemProxy;
			containerPortal = 6D0E1C832C9B92C500D3A324 /* Project object */;
			proxyType = 1;
			remoteGlobalIDString = 6D0E1C8A2C9B92C500D3A324;
			remoteInfo = WeatherProject;
		};
/* End PBXContainerItemProxy section */

/* Begin PBXFileReference section */
		6D0E1C8B2C9B92C500D3A324 /* WeatherProject.app */ = {isa = PBXFileReference; explicitFileType = wrapper.application; includeInIndex = 0; path = WeatherProject.app; sourceTree = BUILT_PRODUCTS_DIR; };
		6D0E1C9B2C9B92C600D3A324 /* WeatherProjectTests.xctest */ = {isa = PBXFileReference; explicitFileType = wrapper.cfbundle; includeInIndex = 0; path = WeatherProjectTests.xctest; sourceTree = BUILT_PRODUCTS_DIR; };
		6D0E1CA52C9B92C600D3A324 /* WeatherProjectUITests.xctest */ = {isa = PBXFileReference; explicitFileType = wrapper.cfbundle; includeInIndex = 0; path = WeatherProjectUITests.xctest; sourceTree = BUILT_PRODUCTS_DIR; };
		6D0E1CBA2C9B933100D3A324 /* Preview Assets.xcassets */ = {isa = PBXFileReference; lastKnownFileType = folder.assetcatalog; path = "Preview Assets.xcassets"; sourceTree = "<group>"; };
		6D0E1CBC2C9B933100D3A324 /* Assets.xcassets */ = {isa = PBXFileReference; lastKnownFileType = folder.assetcatalog; path = Assets.xcassets; sourceTree = "<group>"; };
		6D0E1CBD2C9B933100D3A324 /* ContentView.swift */ = {isa = PBXFileReference; lastKnownFileType = sourcecode.swift; path = ContentView.swift; sourceTree = "<group>"; };
		6D0E1CBE2C9B933100D3A324 /* WeatherProjectApp.swift */ = {isa = PBXFileReference; lastKnownFileType = sourcecode.swift; path = WeatherProjectApp.swift; sourceTree = "<group>"; };
		6D0E1CC42C9B934000D3A324 /* WeatherProjectTests.swift */ = {isa = PBXFileReference; lastKnownFileType = sourcecode.swift; path = WeatherProjectTests.swift; sourceTree = "<group>"; };
		6D0E1CC72C9B934300D3A324 /* WeatherProjectUITests.swift */ = {isa = PBXFileReference; lastKnownFileType = sourcecode.swift; path = WeatherProjectUITests.swift; sourceTree = "<group>"; };
		6D0E1CC82C9B934300D3A324 /* WeatherProjectUITestsLaunchTests.swift */ = {isa = PBXFileReference; lastKnownFileType = sourcecode.swift; path = WeatherProjectUITestsLaunchTests.swift; sourceTree = "<group>"; };
		6D0E1CD12C9B93BD00D3A324 /* Weather.swift */ = {isa = PBXFileReference; lastKnownFileType = sourcecode.swift; path = Weather.swift; sourceTree = "<group>"; };
		6D0E1CD32C9B93F600D3A324 /* APIServiceProtocol.swift */ = {isa = PBXFileReference; lastKnownFileType = sourcecode.swift; path = APIServiceProtocol.swift; sourceTree = "<group>"; };
		6D0E1CD52C9B956400D3A324 /* WeatherService.swift */ = {isa = PBXFileReference; lastKnownFileType = sourcecode.swift; path = WeatherService.swift; sourceTree = "<group>"; };
		6D0E1CD92C9B9A0C00D3A324 /* WeatherViewModel.swift */ = {isa = PBXFileReference; lastKnownFileType = sourcecode.swift; path = WeatherViewModel.swift; sourceTree = "<group>"; };
		6D0E1CDD2C9B9E0800D3A324 /* NetworkErrors.swift */ = {isa = PBXFileReference; lastKnownFileType = sourcecode.swift; path = NetworkErrors.swift; sourceTree = "<group>"; };
		6D0E1CE12C9BB58C00D3A324 /* WeatherView.swift */ = {isa = PBXFileReference; lastKnownFileType = sourcecode.swift; path = WeatherView.swift; sourceTree = "<group>"; };
		6D0E1CE32C9BB9CB00D3A324 /* Info.plist */ = {isa = PBXFileReference; lastKnownFileType = text.plist; path = Info.plist; sourceTree = "<group>"; };
		6D0E1CE42C9BBAB000D3A324 /* Constants.swift */ = {isa = PBXFileReference; lastKnownFileType = sourcecode.swift; path = Constants.swift; sourceTree = "<group>"; };
		6D0E1CE62C9BBDCD00D3A324 /* WeatherViewModelTest.swift */ = {isa = PBXFileReference; lastKnownFileType = sourcecode.swift; path = WeatherViewModelTest.swift; sourceTree = "<group>"; };
		6D0E1CE82C9BBE1700D3A324 /* MockWeatherService.swift */ = {isa = PBXFileReference; lastKnownFileType = sourcecode.swift; path = MockWeatherService.swift; sourceTree = "<group>"; };
/* End PBXFileReference section */

/* Begin PBXFrameworksBuildPhase section */
		6D0E1C882C9B92C500D3A324 /* Frameworks */ = {
			isa = PBXFrameworksBuildPhase;
			buildActionMask = 2147483647;
			files = (
			);
			runOnlyForDeploymentPostprocessing = 0;
		};
		6D0E1C982C9B92C600D3A324 /* Frameworks */ = {
			isa = PBXFrameworksBuildPhase;
			buildActionMask = 2147483647;
			files = (
			);
			runOnlyForDeploymentPostprocessing = 0;
		};
		6D0E1CA22C9B92C600D3A324 /* Frameworks */ = {
			isa = PBXFrameworksBuildPhase;
			buildActionMask = 2147483647;
			files = (
			);
			runOnlyForDeploymentPostprocessing = 0;
		};
/* End PBXFrameworksBuildPhase section */

/* Begin PBXGroup section */
		6D0E1C822C9B92C500D3A324 = {
			isa = PBXGroup;
			children = (
				6D0E1CBF2C9B933100D3A324 /* WeatherProject */,
				6D0E1CC52C9B934000D3A324 /* WeatherProjectTests */,
				6D0E1CC92C9B934300D3A324 /* WeatherProjectUITests */,
				6D0E1C8C2C9B92C500D3A324 /* Products */,
			);
			sourceTree = "<group>";
		};
		6D0E1C8C2C9B92C500D3A324 /* Products */ = {
			isa = PBXGroup;
			children = (
				6D0E1C8B2C9B92C500D3A324 /* WeatherProject.app */,
				6D0E1C9B2C9B92C600D3A324 /* WeatherProjectTests.xctest */,
				6D0E1CA52C9B92C600D3A324 /* WeatherProjectUITests.xctest */,
			);
			name = Products;
			sourceTree = "<group>";
		};
		6D0E1CBB2C9B933100D3A324 /* Preview Content */ = {
			isa = PBXGroup;
			children = (
				6D0E1CBA2C9B933100D3A324 /* Preview Assets.xcassets */,
			);
			path = "Preview Content";
			sourceTree = "<group>";
		};
		6D0E1CBF2C9B933100D3A324 /* WeatherProject */ = {
			isa = PBXGroup;
			children = (
				6D0E1CE32C9BB9CB00D3A324 /* Info.plist */,
				6D0E1CD72C9B974C00D3A324 /* Utils */,
				6D0E1CD02C9B938D00D3A324 /* Constants */,
				6D0E1CCF2C9B937100D3A324 /* Service */,
				6D0E1CCE2C9B935A00D3A324 /* ViewModel */,
				6D0E1CCD2C9B935400D3A324 /* View */,
				6D0E1CCC2C9B934900D3A324 /* Model */,
				6D0E1CBB2C9B933100D3A324 /* Preview Content */,
				6D0E1CBC2C9B933100D3A324 /* Assets.xcassets */,
				6D0E1CBE2C9B933100D3A324 /* WeatherProjectApp.swift */,
			);
			path = WeatherProject;
			sourceTree = "<group>";
		};
		6D0E1CC52C9B934000D3A324 /* WeatherProjectTests */ = {
			isa = PBXGroup;
			children = (
				6D0E1CC42C9B934000D3A324 /* WeatherProjectTests.swift */,
				6D0E1CE62C9BBDCD00D3A324 /* WeatherViewModelTest.swift */,
				6D0E1CE82C9BBE1700D3A324 /* MockWeatherService.swift */,
			);
			path = WeatherProjectTests;
			sourceTree = "<group>";
		};
		6D0E1CC92C9B934300D3A324 /* WeatherProjectUITests */ = {
			isa = PBXGroup;
			children = (
				6D0E1CC72C9B934300D3A324 /* WeatherProjectUITests.swift */,
				6D0E1CC82C9B934300D3A324 /* WeatherProjectUITestsLaunchTests.swift */,
			);
			path = WeatherProjectUITests;
			sourceTree = "<group>";
		};
		6D0E1CCC2C9B934900D3A324 /* Model */ = {
			isa = PBXGroup;
			children = (
				6D0E1CD12C9B93BD00D3A324 /* Weather.swift */,
			);
			path = Model;
			sourceTree = "<group>";
		};
		6D0E1CCD2C9B935400D3A324 /* View */ = {
			isa = PBXGroup;
			children = (
				6D0E1CBD2C9B933100D3A324 /* ContentView.swift */,
				6D0E1CE12C9BB58C00D3A324 /* WeatherView.swift */,
			);
			path = View;
			sourceTree = "<group>";
		};
		6D0E1CCE2C9B935A00D3A324 /* ViewModel */ = {
			isa = PBXGroup;
			children = (
				6D0E1CD92C9B9A0C00D3A324 /* WeatherViewModel.swift */,
			);
			path = ViewModel;
			sourceTree = "<group>";
		};
		6D0E1CCF2C9B937100D3A324 /* Service */ = {
			isa = PBXGroup;
			children = (
				6D0E1CD32C9B93F600D3A324 /* APIServiceProtocol.swift */,
				6D0E1CD52C9B956400D3A324 /* WeatherService.swift */,
			);
			path = Service;
			sourceTree = "<group>";
		};
		6D0E1CD02C9B938D00D3A324 /* Constants */ = {
			isa = PBXGroup;
			children = (
				6D0E1CE42C9BBAB000D3A324 /* Constants.swift */,
			);
			path = Constants;
			sourceTree = "<group>";
		};
		6D0E1CD72C9B974C00D3A324 /* Utils */ = {
			isa = PBXGroup;
			children = (
				6D0E1CDD2C9B9E0800D3A324 /* NetworkErrors.swift */,
			);
			path = Utils;
			sourceTree = "<group>";
		};
/* End PBXGroup section */

/* Begin PBXNativeTarget section */
		6D0E1C8A2C9B92C500D3A324 /* WeatherProject */ = {
			isa = PBXNativeTarget;
			buildConfigurationList = 6D0E1CAF2C9B92C600D3A324 /* Build configuration list for PBXNativeTarget "WeatherProject" */;
			buildPhases = (
				6D0E1C872C9B92C500D3A324 /* Sources */,
				6D0E1C882C9B92C500D3A324 /* Frameworks */,
				6D0E1C892C9B92C500D3A324 /* Resources */,
			);
			buildRules = (
			);
			dependencies = (
			);
			name = WeatherProject;
			packageProductDependencies = (
			);
			productName = WeatherProject;
			productReference = 6D0E1C8B2C9B92C500D3A324 /* WeatherProject.app */;
			productType = "com.apple.product-type.application";
		};
		6D0E1C9A2C9B92C600D3A324 /* WeatherProjectTests */ = {
			isa = PBXNativeTarget;
			buildConfigurationList = 6D0E1CB22C9B92C600D3A324 /* Build configuration list for PBXNativeTarget "WeatherProjectTests" */;
			buildPhases = (
				6D0E1C972C9B92C600D3A324 /* Sources */,
				6D0E1C982C9B92C600D3A324 /* Frameworks */,
				6D0E1C992C9B92C600D3A324 /* Resources */,
			);
			buildRules = (
			);
			dependencies = (
				6D0E1C9D2C9B92C600D3A324 /* PBXTargetDependency */,
			);
			name = WeatherProjectTests;
			packageProductDependencies = (
			);
			productName = WeatherProjectTests;
			productReference = 6D0E1C9B2C9B92C600D3A324 /* WeatherProjectTests.xctest */;
			productType = "com.apple.product-type.bundle.unit-test";
		};
		6D0E1CA42C9B92C600D3A324 /* WeatherProjectUITests */ = {
			isa = PBXNativeTarget;
			buildConfigurationList = 6D0E1CB52C9B92C600D3A324 /* Build configuration list for PBXNativeTarget "WeatherProjectUITests" */;
			buildPhases = (
				6D0E1CA12C9B92C600D3A324 /* Sources */,
				6D0E1CA22C9B92C600D3A324 /* Frameworks */,
				6D0E1CA32C9B92C600D3A324 /* Resources */,
			);
			buildRules = (
			);
			dependencies = (
				6D0E1CA72C9B92C600D3A324 /* PBXTargetDependency */,
			);
			name = WeatherProjectUITests;
			packageProductDependencies = (
			);
			productName = WeatherProjectUITests;
			productReference = 6D0E1CA52C9B92C600D3A324 /* WeatherProjectUITests.xctest */;
			productType = "com.apple.product-type.bundle.ui-testing";
		};
/* End PBXNativeTarget section */

/* Begin PBXProject section */
		6D0E1C832C9B92C500D3A324 /* Project object */ = {
			isa = PBXProject;
			attributes = {
				BuildIndependentTargetsInParallel = 1;
				LastSwiftUpdateCheck = 1600;
				LastUpgradeCheck = 1600;
				TargetAttributes = {
					6D0E1C8A2C9B92C500D3A324 = {
						CreatedOnToolsVersion = 16.0;
					};
					6D0E1C9A2C9B92C600D3A324 = {
						CreatedOnToolsVersion = 16.0;
						TestTargetID = 6D0E1C8A2C9B92C500D3A324;
					};
					6D0E1CA42C9B92C600D3A324 = {
						CreatedOnToolsVersion = 16.0;
						TestTargetID = 6D0E1C8A2C9B92C500D3A324;
					};
				};
			};
			buildConfigurationList = 6D0E1C862C9B92C500D3A324 /* Build configuration list for PBXProject "WeatherProject" */;
			developmentRegion = en;
			hasScannedForEncodings = 0;
			knownRegions = (
				en,
				Base,
			);
			mainGroup = 6D0E1C822C9B92C500D3A324;
			minimizedProjectReferenceProxies = 1;
			preferredProjectObjectVersion = 77;
			productRefGroup = 6D0E1C8C2C9B92C500D3A324 /* Products */;
			projectDirPath = "";
			projectRoot = "";
			targets = (
				6D0E1C8A2C9B92C500D3A324 /* WeatherProject */,
				6D0E1C9A2C9B92C600D3A324 /* WeatherProjectTests */,
				6D0E1CA42C9B92C600D3A324 /* WeatherProjectUITests */,
			);
		};
/* End PBXProject section */

/* Begin PBXResourcesBuildPhase section */
		6D0E1C892C9B92C500D3A324 /* Resources */ = {
			isa = PBXResourcesBuildPhase;
			buildActionMask = 2147483647;
			files = (
				6D0E1CC22C9B933100D3A324 /* Preview Assets.xcassets in Resources */,
				6D0E1CC32C9B933100D3A324 /* Assets.xcassets in Resources */,
			);
			runOnlyForDeploymentPostprocessing = 0;
		};
		6D0E1C992C9B92C600D3A324 /* Resources */ = {
			isa = PBXResourcesBuildPhase;
			buildActionMask = 2147483647;
			files = (
			);
			runOnlyForDeploymentPostprocessing = 0;
		};
		6D0E1CA32C9B92C600D3A324 /* Resources */ = {
			isa = PBXResourcesBuildPhase;
			buildActionMask = 2147483647;
			files = (
			);
			runOnlyForDeploymentPostprocessing = 0;
		};
/* End PBXResourcesBuildPhase section */

/* Begin PBXSourcesBuildPhase section */
		6D0E1C872C9B92C500D3A324 /* Sources */ = {
			isa = PBXSourcesBuildPhase;
			buildActionMask = 2147483647;
			files = (
				6D0E1CD62C9B956400D3A324 /* WeatherService.swift in Sources */,
				6D0E1CDA2C9B9A0C00D3A324 /* WeatherViewModel.swift in Sources */,
				6D0E1CD42C9B93F600D3A324 /* APIServiceProtocol.swift in Sources */,
				6D0E1CDE2C9B9E0800D3A324 /* NetworkErrors.swift in Sources */,
				6D0E1CC02C9B933100D3A324 /* ContentView.swift in Sources */,
				6D0E1CD22C9B93BD00D3A324 /* Weather.swift in Sources */,
				6D0E1CC12C9B933100D3A324 /* WeatherProjectApp.swift in Sources */,
				6D0E1CE22C9BB58C00D3A324 /* WeatherView.swift in Sources */,
				6D0E1CE52C9BBAB000D3A324 /* Constants.swift in Sources */,
			);
			runOnlyForDeploymentPostprocessing = 0;
		};
		6D0E1C972C9B92C600D3A324 /* Sources */ = {
			isa = PBXSourcesBuildPhase;
			buildActionMask = 2147483647;
			files = (
				6D0E1CE92C9BBE1700D3A324 /* MockWeatherService.swift in Sources */,
				6D0E1CC62C9B934000D3A324 /* WeatherProjectTests.swift in Sources */,
				6D0E1CE72C9BBDCD00D3A324 /* WeatherViewModelTest.swift in Sources */,
			);
			runOnlyForDeploymentPostprocessing = 0;
		};
		6D0E1CA12C9B92C600D3A324 /* Sources */ = {
			isa = PBXSourcesBuildPhase;
			buildActionMask = 2147483647;
			files = (
				6D0E1CCA2C9B934300D3A324 /* WeatherProjectUITests.swift in Sources */,
				6D0E1CCB2C9B934300D3A324 /* WeatherProjectUITestsLaunchTests.swift in Sources */,
			);
			runOnlyForDeploymentPostprocessing = 0;
		};
/* End PBXSourcesBuildPhase section */

/* Begin PBXTargetDependency section */
		6D0E1C9D2C9B92C600D3A324 /* PBXTargetDependency */ = {
			isa = PBXTargetDependency;
			target = 6D0E1C8A2C9B92C500D3A324 /* WeatherProject */;
			targetProxy = 6D0E1C9C2C9B92C600D3A324 /* PBXContainerItemProxy */;
		};
		6D0E1CA72C9B92C600D3A324 /* PBXTargetDependency */ = {
			isa = PBXTargetDependency;
			target = 6D0E1C8A2C9B92C500D3A324 /* WeatherProject */;
			targetProxy = 6D0E1CA62C9B92C600D3A324 /* PBXContainerItemProxy */;
		};
/* End PBXTargetDependency section */

/* Begin XCBuildConfiguration section */
		6D0E1CAD2C9B92C600D3A324 /* Debug */ = {
			isa = XCBuildConfiguration;
			buildSettings = {
				ALWAYS_SEARCH_USER_PATHS = NO;
				ASSETCATALOG_COMPILER_GENERATE_SWIFT_ASSET_SYMBOL_EXTENSIONS = YES;
				CLANG_ANALYZER_NONNULL = YES;
				CLANG_ANALYZER_NUMBER_OBJECT_CONVERSION = YES_AGGRESSIVE;
				CLANG_CXX_LANGUAGE_STANDARD = "gnu++20";
				CLANG_ENABLE_MODULES = YES;
				CLANG_ENABLE_OBJC_ARC = YES;
				CLANG_ENABLE_OBJC_WEAK = YES;
				CLANG_WARN_BLOCK_CAPTURE_AUTORELEASING = YES;
				CLANG_WARN_BOOL_CONVERSION = YES;
				CLANG_WARN_COMMA = YES;
				CLANG_WARN_CONSTANT_CONVERSION = YES;
				CLANG_WARN_DEPRECATED_OBJC_IMPLEMENTATIONS = YES;
				CLANG_WARN_DIRECT_OBJC_ISA_USAGE = YES_ERROR;
				CLANG_WARN_DOCUMENTATION_COMMENTS = YES;
				CLANG_WARN_EMPTY_BODY = YES;
				CLANG_WARN_ENUM_CONVERSION = YES;
				CLANG_WARN_INFINITE_RECURSION = YES;
				CLANG_WARN_INT_CONVERSION = YES;
				CLANG_WARN_NON_LITERAL_NULL_CONVERSION = YES;
				CLANG_WARN_OBJC_IMPLICIT_RETAIN_SELF = YES;
				CLANG_WARN_OBJC_LITERAL_CONVERSION = YES;
				CLANG_WARN_OBJC_ROOT_CLASS = YES_ERROR;
				CLANG_WARN_QUOTED_INCLUDE_IN_FRAMEWORK_HEADER = YES;
				CLANG_WARN_RANGE_LOOP_ANALYSIS = YES;
				CLANG_WARN_STRICT_PROTOTYPES = YES;
				CLANG_WARN_SUSPICIOUS_MOVE = YES;
				CLANG_WARN_UNGUARDED_AVAILABILITY = YES_AGGRESSIVE;
				CLANG_WARN_UNREACHABLE_CODE = YES;
				CLANG_WARN__DUPLICATE_METHOD_MATCH = YES;
				COPY_PHASE_STRIP = NO;
				DEBUG_INFORMATION_FORMAT = dwarf;
				ENABLE_STRICT_OBJC_MSGSEND = YES;
				ENABLE_TESTABILITY = YES;
				ENABLE_USER_SCRIPT_SANDBOXING = YES;
				GCC_C_LANGUAGE_STANDARD = gnu17;
				GCC_DYNAMIC_NO_PIC = NO;
				GCC_NO_COMMON_BLOCKS = YES;
				GCC_OPTIMIZATION_LEVEL = 0;
				GCC_PREPROCESSOR_DEFINITIONS = (
					"DEBUG=1",
					"$(inherited)",
				);
				GCC_WARN_64_TO_32_BIT_CONVERSION = YES;
				GCC_WARN_ABOUT_RETURN_TYPE = YES_ERROR;
				GCC_WARN_UNDECLARED_SELECTOR = YES;
				GCC_WARN_UNINITIALIZED_AUTOS = YES_AGGRESSIVE;
				GCC_WARN_UNUSED_FUNCTION = YES;
				GCC_WARN_UNUSED_VARIABLE = YES;
				IPHONEOS_DEPLOYMENT_TARGET = 18.0;
				LOCALIZATION_PREFERS_STRING_CATALOGS = YES;
				MTL_ENABLE_DEBUG_INFO = INCLUDE_SOURCE;
				MTL_FAST_MATH = YES;
				ONLY_ACTIVE_ARCH = YES;
				SDKROOT = iphoneos;
				SWIFT_ACTIVE_COMPILATION_CONDITIONS = "DEBUG $(inherited)";
				SWIFT_OPTIMIZATION_LEVEL = "-Onone";
			};
			name = Debug;
		};
		6D0E1CAE2C9B92C600D3A324 /* Release */ = {
			isa = XCBuildConfiguration;
			buildSettings = {
				ALWAYS_SEARCH_USER_PATHS = NO;
				ASSETCATALOG_COMPILER_GENERATE_SWIFT_ASSET_SYMBOL_EXTENSIONS = YES;
				CLANG_ANALYZER_NONNULL = YES;
				CLANG_ANALYZER_NUMBER_OBJECT_CONVERSION = YES_AGGRESSIVE;
				CLANG_CXX_LANGUAGE_STANDARD = "gnu++20";
				CLANG_ENABLE_MODULES = YES;
				CLANG_ENABLE_OBJC_ARC = YES;
				CLANG_ENABLE_OBJC_WEAK = YES;
				CLANG_WARN_BLOCK_CAPTURE_AUTORELEASING = YES;
				CLANG_WARN_BOOL_CONVERSION = YES;
				CLANG_WARN_COMMA = YES;
				CLANG_WARN_CONSTANT_CONVERSION = YES;
				CLANG_WARN_DEPRECATED_OBJC_IMPLEMENTATIONS = YES;
				CLANG_WARN_DIRECT_OBJC_ISA_USAGE = YES_ERROR;
				CLANG_WARN_DOCUMENTATION_COMMENTS = YES;
				CLANG_WARN_EMPTY_BODY = YES;
				CLANG_WARN_ENUM_CONVERSION = YES;
				CLANG_WARN_INFINITE_RECURSION = YES;
				CLANG_WARN_INT_CONVERSION = YES;
				CLANG_WARN_NON_LITERAL_NULL_CONVERSION = YES;
				CLANG_WARN_OBJC_IMPLICIT_RETAIN_SELF = YES;
				CLANG_WARN_OBJC_LITERAL_CONVERSION = YES;
				CLANG_WARN_OBJC_ROOT_CLASS = YES_ERROR;
				CLANG_WARN_QUOTED_INCLUDE_IN_FRAMEWORK_HEADER = YES;
				CLANG_WARN_RANGE_LOOP_ANALYSIS = YES;
				CLANG_WARN_STRICT_PROTOTYPES = YES;
				CLANG_WARN_SUSPICIOUS_MOVE = YES;
				CLANG_WARN_UNGUARDED_AVAILABILITY = YES_AGGRESSIVE;
				CLANG_WARN_UNREACHABLE_CODE = YES;
				CLANG_WARN__DUPLICATE_METHOD_MATCH = YES;
				COPY_PHASE_STRIP = NO;
				DEBUG_INFORMATION_FORMAT = "dwarf-with-dsym";
				ENABLE_NS_ASSERTIONS = NO;
				ENABLE_STRICT_OBJC_MSGSEND = YES;
				ENABLE_USER_SCRIPT_SANDBOXING = YES;
				GCC_C_LANGUAGE_STANDARD = gnu17;
				GCC_NO_COMMON_BLOCKS = YES;
				GCC_WARN_64_TO_32_BIT_CONVERSION = YES;
				GCC_WARN_ABOUT_RETURN_TYPE = YES_ERROR;
				GCC_WARN_UNDECLARED_SELECTOR = YES;
				GCC_WARN_UNINITIALIZED_AUTOS = YES_AGGRESSIVE;
				GCC_WARN_UNUSED_FUNCTION = YES;
				GCC_WARN_UNUSED_VARIABLE = YES;
				IPHONEOS_DEPLOYMENT_TARGET = 18.0;
				LOCALIZATION_PREFERS_STRING_CATALOGS = YES;
				MTL_ENABLE_DEBUG_INFO = NO;
				MTL_FAST_MATH = YES;
				SDKROOT = iphoneos;
				SWIFT_COMPILATION_MODE = wholemodule;
				VALIDATE_PRODUCT = YES;
			};
			name = Release;
		};
		6D0E1CB02C9B92C600D3A324 /* Debug */ = {
			isa = XCBuildConfiguration;
			buildSettings = {
				ASSETCATALOG_COMPILER_APPICON_NAME = AppIcon;
				ASSETCATALOG_COMPILER_GLOBAL_ACCENT_COLOR_NAME = AccentColor;
				CODE_SIGN_STYLE = Automatic;
				CURRENT_PROJECT_VERSION = 1;
				DEVELOPMENT_ASSET_PATHS = "\"WeatherProject/Preview Content\"";
				DEVELOPMENT_TEAM = Y47US5A25Q;
				ENABLE_PREVIEWS = YES;
				GENERATE_INFOPLIST_FILE = YES;
				INFOPLIST_FILE = WeatherProject/Info.plist;
				INFOPLIST_KEY_NSLocationAlwaysUsageDescription = "We need your location to provide weather information even when the app is in the background";
				INFOPLIST_KEY_NSLocationWhenInUseUsageDescription = "We need your location to provide weather information";
				INFOPLIST_KEY_UIApplicationSceneManifest_Generation = YES;
				INFOPLIST_KEY_UIApplicationSupportsIndirectInputEvents = YES;
				INFOPLIST_KEY_UILaunchScreen_Generation = YES;
				INFOPLIST_KEY_UISupportedInterfaceOrientations_iPad = "UIInterfaceOrientationPortrait UIInterfaceOrientationPortraitUpsideDown UIInterfaceOrientationLandscapeLeft UIInterfaceOrientationLandscapeRight";
				INFOPLIST_KEY_UISupportedInterfaceOrientations_iPhone = "UIInterfaceOrientationPortrait UIInterfaceOrientationLandscapeLeft UIInterfaceOrientationLandscapeRight";
				LD_RUNPATH_SEARCH_PATHS = (
					"$(inherited)",
					"@executable_path/Frameworks",
				);
				MARKETING_VERSION = 1.0;
				PRODUCT_BUNDLE_IDENTIFIER = eddieprivate.WeatherProject;
				PRODUCT_NAME = "$(TARGET_NAME)";
				SWIFT_EMIT_LOC_STRINGS = YES;
				SWIFT_VERSION = 5.0;
				TARGETED_DEVICE_FAMILY = "1,2";
			};
			name = Debug;
		};
		6D0E1CB12C9B92C600D3A324 /* Release */ = {
			isa = XCBuildConfiguration;
			buildSettings = {
				ASSETCATALOG_COMPILER_APPICON_NAME = AppIcon;
				ASSETCATALOG_COMPILER_GLOBAL_ACCENT_COLOR_NAME = AccentColor;
				CODE_SIGN_STYLE = Automatic;
				CURRENT_PROJECT_VERSION = 1;
				DEVELOPMENT_ASSET_PATHS = "\"WeatherProject/Preview Content\"";
				DEVELOPMENT_TEAM = Y47US5A25Q;
				ENABLE_PREVIEWS = YES;
				GENERATE_INFOPLIST_FILE = YES;
				INFOPLIST_FILE = WeatherProject/Info.plist;
				INFOPLIST_KEY_NSLocationAlwaysUsageDescription = "We need your location to provide weather information even when the app is in the background";
				INFOPLIST_KEY_NSLocationWhenInUseUsageDescription = "We need your location to provide weather information";
				INFOPLIST_KEY_UIApplicationSceneManifest_Generation = YES;
				INFOPLIST_KEY_UIApplicationSupportsIndirectInputEvents = YES;
				INFOPLIST_KEY_UILaunchScreen_Generation = YES;
				INFOPLIST_KEY_UISupportedInterfaceOrientations_iPad = "UIInterfaceOrientationPortrait UIInterfaceOrientationPortraitUpsideDown UIInterfaceOrientationLandscapeLeft UIInterfaceOrientationLandscapeRight";
				INFOPLIST_KEY_UISupportedInterfaceOrientations_iPhone = "UIInterfaceOrientationPortrait UIInterfaceOrientationLandscapeLeft UIInterfaceOrientationLandscapeRight";
				LD_RUNPATH_SEARCH_PATHS = (
					"$(inherited)",
					"@executable_path/Frameworks",
				);
				MARKETING_VERSION = 1.0;
				PRODUCT_BUNDLE_IDENTIFIER = eddieprivate.WeatherProject;
				PRODUCT_NAME = "$(TARGET_NAME)";
				SWIFT_EMIT_LOC_STRINGS = YES;
				SWIFT_VERSION = 5.0;
				TARGETED_DEVICE_FAMILY = "1,2";
			};
			name = Release;
		};
		6D0E1CB32C9B92C600D3A324 /* Debug */ = {
			isa = XCBuildConfiguration;
			buildSettings = {
				BUNDLE_LOADER = "$(TEST_HOST)";
				CODE_SIGN_STYLE = Automatic;
				CURRENT_PROJECT_VERSION = 1;
				DEVELOPMENT_TEAM = Y47US5A25Q;
				GENERATE_INFOPLIST_FILE = YES;
				IPHONEOS_DEPLOYMENT_TARGET = 18.0;
				MARKETING_VERSION = 1.0;
				PRODUCT_BUNDLE_IDENTIFIER = eddieprivate.WeatherProjectTests;
				PRODUCT_NAME = "$(TARGET_NAME)";
				SWIFT_EMIT_LOC_STRINGS = NO;
				SWIFT_VERSION = 5.0;
				TARGETED_DEVICE_FAMILY = "1,2";
				TEST_HOST = "$(BUILT_PRODUCTS_DIR)/WeatherProject.app/$(BUNDLE_EXECUTABLE_FOLDER_PATH)/WeatherProject";
			};
			name = Debug;
		};
		6D0E1CB42C9B92C600D3A324 /* Release */ = {
			isa = XCBuildConfiguration;
			buildSettings = {
				BUNDLE_LOADER = "$(TEST_HOST)";
				CODE_SIGN_STYLE = Automatic;
				CURRENT_PROJECT_VERSION = 1;
				DEVELOPMENT_TEAM = Y47US5A25Q;
				GENERATE_INFOPLIST_FILE = YES;
				IPHONEOS_DEPLOYMENT_TARGET = 18.0;
				MARKETING_VERSION = 1.0;
				PRODUCT_BUNDLE_IDENTIFIER = eddieprivate.WeatherProjectTests;
				PRODUCT_NAME = "$(TARGET_NAME)";
				SWIFT_EMIT_LOC_STRINGS = NO;
				SWIFT_VERSION = 5.0;
				TARGETED_DEVICE_FAMILY = "1,2";
				TEST_HOST = "$(BUILT_PRODUCTS_DIR)/WeatherProject.app/$(BUNDLE_EXECUTABLE_FOLDER_PATH)/WeatherProject";
			};
			name = Release;
		};
		6D0E1CB62C9B92C600D3A324 /* Debug */ = {
			isa = XCBuildConfiguration;
			buildSettings = {
				CODE_SIGN_STYLE = Automatic;
				CURRENT_PROJECT_VERSION = 1;
				DEVELOPMENT_TEAM = Y47US5A25Q;
				GENERATE_INFOPLIST_FILE = YES;
				MARKETING_VERSION = 1.0;
				PRODUCT_BUNDLE_IDENTIFIER = eddieprivate.WeatherProjectUITests;
				PRODUCT_NAME = "$(TARGET_NAME)";
				SWIFT_EMIT_LOC_STRINGS = NO;
				SWIFT_VERSION = 5.0;
				TARGETED_DEVICE_FAMILY = "1,2";
				TEST_TARGET_NAME = WeatherProject;
			};
			name = Debug;
		};
		6D0E1CB72C9B92C600D3A324 /* Release */ = {
			isa = XCBuildConfiguration;
			buildSettings = {
				CODE_SIGN_STYLE = Automatic;
				CURRENT_PROJECT_VERSION = 1;
				DEVELOPMENT_TEAM = Y47US5A25Q;
				GENERATE_INFOPLIST_FILE = YES;
				MARKETING_VERSION = 1.0;
				PRODUCT_BUNDLE_IDENTIFIER = eddieprivate.WeatherProjectUITests;
				PRODUCT_NAME = "$(TARGET_NAME)";
				SWIFT_EMIT_LOC_STRINGS = NO;
				SWIFT_VERSION = 5.0;
				TARGETED_DEVICE_FAMILY = "1,2";
				TEST_TARGET_NAME = WeatherProject;
			};
			name = Release;
		};
/* End XCBuildConfiguration section */

/* Begin XCConfigurationList section */
		6D0E1C862C9B92C500D3A324 /* Build configuration list for PBXProject "WeatherProject" */ = {
			isa = XCConfigurationList;
			buildConfigurations = (
				6D0E1CAD2C9B92C600D3A324 /* Debug */,
				6D0E1CAE2C9B92C600D3A324 /* Release */,
			);
			defaultConfigurationIsVisible = 0;
			defaultConfigurationName = Release;
		};
		6D0E1CAF2C9B92C600D3A324 /* Build configuration list for PBXNativeTarget "WeatherProject" */ = {
			isa = XCConfigurationList;
			buildConfigurations = (
				6D0E1CB02C9B92C600D3A324 /* Debug */,
				6D0E1CB12C9B92C600D3A324 /* Release */,
			);
			defaultConfigurationIsVisible = 0;
			defaultConfigurationName = Release;
		};
		6D0E1CB22C9B92C600D3A324 /* Build configuration list for PBXNativeTarget "WeatherProjectTests" */ = {
			isa = XCConfigurationList;
			buildConfigurations = (
				6D0E1CB32C9B92C600D3A324 /* Debug */,
				6D0E1CB42C9B92C600D3A324 /* Release */,
			);
			defaultConfigurationIsVisible = 0;
			defaultConfigurationName = Release;
		};
		6D0E1CB52C9B92C600D3A324 /* Build configuration list for PBXNativeTarget "WeatherProjectUITests" */ = {
			isa = XCConfigurationList;
			buildConfigurations = (
				6D0E1CB62C9B92C600D3A324 /* Debug */,
				6D0E1CB72C9B92C600D3A324 /* Release */,
			);
			defaultConfigurationIsVisible = 0;
			defaultConfigurationName = Release;
		};
/* End XCConfigurationList section */
	};
	rootObject = 6D0E1C832C9B92C500D3A324 /* Project object */;
}
